// !$*UTF8*$!
{
	archiveVersion = 1;
	classes = {
	};
	objectVersion = 50;
	objects = {

/* Begin PBXBuildFile section */
		5718113F26A5EC5E0043FB47 /* LUXPMApp.swift in Sources */ = {isa = PBXBuildFile; fileRef = 5718113E26A5EC5E0043FB47 /* LUXPMApp.swift */; };
		5718114126A5EC5E0043FB47 /* ContentView.swift in Sources */ = {isa = PBXBuildFile; fileRef = 5718114026A5EC5E0043FB47 /* ContentView.swift */; };
		5718114326A5EC740043FB47 /* Assets.xcassets in Resources */ = {isa = PBXBuildFile; fileRef = 5718114226A5EC740043FB47 /* Assets.xcassets */; };
		5718114626A5EC740043FB47 /* Preview Assets.xcassets in Resources */ = {isa = PBXBuildFile; fileRef = 5718114526A5EC740043FB47 /* Preview Assets.xcassets */; };
		5718115126A5EC760043FB47 /* LUXPMTests.swift in Sources */ = {isa = PBXBuildFile; fileRef = 5718115026A5EC760043FB47 /* LUXPMTests.swift */; };
		5718115C26A5EC760043FB47 /* LUXPMUITests.swift in Sources */ = {isa = PBXBuildFile; fileRef = 5718115B26A5EC760043FB47 /* LUXPMUITests.swift */; };
		5718116D26A604AC0043FB47 /* Login.swift in Sources */ = {isa = PBXBuildFile; fileRef = 5718116C26A604AB0043FB47 /* Login.swift */; };
		5718117226A604BF0043FB47 /* Register.swift in Sources */ = {isa = PBXBuildFile; fileRef = 5718117126A604BF0043FB47 /* Register.swift */; };
		576BC56926A6803D007854CF /* LoginViewModel.swift in Sources */ = {isa = PBXBuildFile; fileRef = 576BC56826A6803D007854CF /* LoginViewModel.swift */; };
		576BC56E26A6CCD6007854CF /* RegisterViewModel.swift in Sources */ = {isa = PBXBuildFile; fileRef = 576BC56D26A6CCD6007854CF /* RegisterViewModel.swift */; };
		576BC57C26A7185D007854CF /* LoginViewModelTest.swift in Sources */ = {isa = PBXBuildFile; fileRef = 576BC57B26A7185D007854CF /* LoginViewModelTest.swift */; };
/* End PBXBuildFile section */

/* Begin PBXContainerItemProxy section */
		5718114D26A5EC760043FB47 /* PBXContainerItemProxy */ = {
			isa = PBXContainerItemProxy;
			containerPortal = 5718113326A5EC5E0043FB47 /* Project object */;
			proxyType = 1;
			remoteGlobalIDString = 5718113A26A5EC5E0043FB47;
			remoteInfo = LUXPM;
		};
		5718115826A5EC760043FB47 /* PBXContainerItemProxy */ = {
			isa = PBXContainerItemProxy;
			containerPortal = 5718113326A5EC5E0043FB47 /* Project object */;
			proxyType = 1;
			remoteGlobalIDString = 5718113A26A5EC5E0043FB47;
			remoteInfo = LUXPM;
		};
/* End PBXContainerItemProxy section */

/* Begin PBXFileReference section */
		5718113B26A5EC5E0043FB47 /* LUXPM.app */ = {isa = PBXFileReference; explicitFileType = wrapper.application; includeInIndex = 0; path = LUXPM.app; sourceTree = BUILT_PRODUCTS_DIR; };
		5718113E26A5EC5E0043FB47 /* LUXPMApp.swift */ = {isa = PBXFileReference; lastKnownFileType = sourcecode.swift; path = LUXPMApp.swift; sourceTree = "<group>"; };
		5718114026A5EC5E0043FB47 /* ContentView.swift */ = {isa = PBXFileReference; lastKnownFileType = sourcecode.swift; path = ContentView.swift; sourceTree = "<group>"; };
		5718114226A5EC740043FB47 /* Assets.xcassets */ = {isa = PBXFileReference; lastKnownFileType = folder.assetcatalog; path = Assets.xcassets; sourceTree = "<group>"; };
		5718114526A5EC740043FB47 /* Preview Assets.xcassets */ = {isa = PBXFileReference; lastKnownFileType = folder.assetcatalog; path = "Preview Assets.xcassets"; sourceTree = "<group>"; };
		5718114726A5EC740043FB47 /* Info.plist */ = {isa = PBXFileReference; lastKnownFileType = text.plist.xml; path = Info.plist; sourceTree = "<group>"; };
		5718114C26A5EC760043FB47 /* LUXPMTests.xctest */ = {isa = PBXFileReference; explicitFileType = wrapper.cfbundle; includeInIndex = 0; path = LUXPMTests.xctest; sourceTree = BUILT_PRODUCTS_DIR; };
		5718115026A5EC760043FB47 /* LUXPMTests.swift */ = {isa = PBXFileReference; lastKnownFileType = sourcecode.swift; path = LUXPMTests.swift; sourceTree = "<group>"; };
		5718115226A5EC760043FB47 /* Info.plist */ = {isa = PBXFileReference; lastKnownFileType = text.plist.xml; path = Info.plist; sourceTree = "<group>"; };
		5718115726A5EC760043FB47 /* LUXPMUITests.xctest */ = {isa = PBXFileReference; explicitFileType = wrapper.cfbundle; includeInIndex = 0; path = LUXPMUITests.xctest; sourceTree = BUILT_PRODUCTS_DIR; };
		5718115B26A5EC760043FB47 /* LUXPMUITests.swift */ = {isa = PBXFileReference; lastKnownFileType = sourcecode.swift; path = LUXPMUITests.swift; sourceTree = "<group>"; };
		5718115D26A5EC760043FB47 /* Info.plist */ = {isa = PBXFileReference; lastKnownFileType = text.plist.xml; path = Info.plist; sourceTree = "<group>"; };
		5718116C26A604AB0043FB47 /* Login.swift */ = {isa = PBXFileReference; lastKnownFileType = sourcecode.swift; path = Login.swift; sourceTree = "<group>"; };
		5718117126A604BF0043FB47 /* Register.swift */ = {isa = PBXFileReference; lastKnownFileType = sourcecode.swift; path = Register.swift; sourceTree = "<group>"; };
		576BC56826A6803D007854CF /* LoginViewModel.swift */ = {isa = PBXFileReference; lastKnownFileType = sourcecode.swift; path = LoginViewModel.swift; sourceTree = "<group>"; };
		576BC56D26A6CCD6007854CF /* RegisterViewModel.swift */ = {isa = PBXFileReference; lastKnownFileType = sourcecode.swift; path = RegisterViewModel.swift; sourceTree = "<group>"; };
		576BC57B26A7185D007854CF /* LoginViewModelTest.swift */ = {isa = PBXFileReference; lastKnownFileType = sourcecode.swift; path = LoginViewModelTest.swift; sourceTree = "<group>"; };
/* End PBXFileReference section */

/* Begin PBXFrameworksBuildPhase section */
		5718113826A5EC5E0043FB47 /* Frameworks */ = {
			isa = PBXFrameworksBuildPhase;
			buildActionMask = 2147483647;
			files = (
			);
			runOnlyForDeploymentPostprocessing = 0;
		};
		5718114926A5EC760043FB47 /* Frameworks */ = {
			isa = PBXFrameworksBuildPhase;
			buildActionMask = 2147483647;
			files = (
			);
			runOnlyForDeploymentPostprocessing = 0;
		};
		5718115426A5EC760043FB47 /* Frameworks */ = {
			isa = PBXFrameworksBuildPhase;
			buildActionMask = 2147483647;
			files = (
			);
			runOnlyForDeploymentPostprocessing = 0;
		};
/* End PBXFrameworksBuildPhase section */

/* Begin PBXGroup section */
		5718113226A5EC5E0043FB47 = {
			isa = PBXGroup;
			children = (
				5718113D26A5EC5E0043FB47 /* LUXPM */,
				5718114F26A5EC760043FB47 /* LUXPMTests */,
				5718115A26A5EC760043FB47 /* LUXPMUITests */,
				5718113C26A5EC5E0043FB47 /* Products */,
			);
			sourceTree = "<group>";
		};
		5718113C26A5EC5E0043FB47 /* Products */ = {
			isa = PBXGroup;
			children = (
				5718113B26A5EC5E0043FB47 /* LUXPM.app */,
				5718114C26A5EC760043FB47 /* LUXPMTests.xctest */,
				5718115726A5EC760043FB47 /* LUXPMUITests.xctest */,
			);
			name = Products;
			sourceTree = "<group>";
		};
		5718113D26A5EC5E0043FB47 /* LUXPM */ = {
			isa = PBXGroup;
			children = (
				5718113E26A5EC5E0043FB47 /* LUXPMApp.swift */,
				5718114026A5EC5E0043FB47 /* ContentView.swift */,
				5718116C26A604AB0043FB47 /* Login.swift */,
				576BC56826A6803D007854CF /* LoginViewModel.swift */,
				5718117126A604BF0043FB47 /* Register.swift */,
				576BC56D26A6CCD6007854CF /* RegisterViewModel.swift */,
				5718114226A5EC740043FB47 /* Assets.xcassets */,
				5718114726A5EC740043FB47 /* Info.plist */,
				5718114426A5EC740043FB47 /* Preview Content */,
			);
			path = LUXPM;
			sourceTree = "<group>";
		};
		5718114426A5EC740043FB47 /* Preview Content */ = {
			isa = PBXGroup;
			children = (
				5718114526A5EC740043FB47 /* Preview Assets.xcassets */,
			);
			path = "Preview Content";
			sourceTree = "<group>";
		};
		5718114F26A5EC760043FB47 /* LUXPMTests */ = {
			isa = PBXGroup;
			children = (
				5718115026A5EC760043FB47 /* LUXPMTests.swift */,
				576BC57B26A7185D007854CF /* LoginViewModelTest.swift */,
				5718115226A5EC760043FB47 /* Info.plist */,
			);
			path = LUXPMTests;
			sourceTree = "<group>";
		};
		5718115A26A5EC760043FB47 /* LUXPMUITests */ = {
			isa = PBXGroup;
			children = (
				5718115B26A5EC760043FB47 /* LUXPMUITests.swift */,
				5718115D26A5EC760043FB47 /* Info.plist */,
			);
			path = LUXPMUITests;
			sourceTree = "<group>";
		};
/* End PBXGroup section */

/* Begin PBXNativeTarget section */
		5718113A26A5EC5E0043FB47 /* LUXPM */ = {
			isa = PBXNativeTarget;
			buildConfigurationList = 5718116026A5EC760043FB47 /* Build configuration list for PBXNativeTarget "LUXPM" */;
			buildPhases = (
				5718113726A5EC5E0043FB47 /* Sources */,
				5718113826A5EC5E0043FB47 /* Frameworks */,
				5718113926A5EC5E0043FB47 /* Resources */,
			);
			buildRules = (
			);
			dependencies = (
			);
			name = LUXPM;
			productName = LUXPM;
			productReference = 5718113B26A5EC5E0043FB47 /* LUXPM.app */;
			productType = "com.apple.product-type.application";
		};
		5718114B26A5EC760043FB47 /* LUXPMTests */ = {
			isa = PBXNativeTarget;
			buildConfigurationList = 5718116326A5EC760043FB47 /* Build configuration list for PBXNativeTarget "LUXPMTests" */;
			buildPhases = (
				5718114826A5EC760043FB47 /* Sources */,
				5718114926A5EC760043FB47 /* Frameworks */,
				5718114A26A5EC760043FB47 /* Resources */,
			);
			buildRules = (
			);
			dependencies = (
				5718114E26A5EC760043FB47 /* PBXTargetDependency */,
			);
			name = LUXPMTests;
			productName = LUXPMTests;
			productReference = 5718114C26A5EC760043FB47 /* LUXPMTests.xctest */;
			productType = "com.apple.product-type.bundle.unit-test";
		};
		5718115626A5EC760043FB47 /* LUXPMUITests */ = {
			isa = PBXNativeTarget;
			buildConfigurationList = 5718116626A5EC760043FB47 /* Build configuration list for PBXNativeTarget "LUXPMUITests" */;
			buildPhases = (
				5718115326A5EC760043FB47 /* Sources */,
				5718115426A5EC760043FB47 /* Frameworks */,
				5718115526A5EC760043FB47 /* Resources */,
			);
			buildRules = (
			);
			dependencies = (
				5718115926A5EC760043FB47 /* PBXTargetDependency */,
			);
			name = LUXPMUITests;
			productName = LUXPMUITests;
			productReference = 5718115726A5EC760043FB47 /* LUXPMUITests.xctest */;
			productType = "com.apple.product-type.bundle.ui-testing";
		};
/* End PBXNativeTarget section */

/* Begin PBXProject section */
		5718113326A5EC5E0043FB47 /* Project object */ = {
			isa = PBXProject;
			attributes = {
				LastSwiftUpdateCheck = 1230;
				LastUpgradeCheck = 1230;
				TargetAttributes = {
					5718113A26A5EC5E0043FB47 = {
						CreatedOnToolsVersion = 12.3;
					};
					5718114B26A5EC760043FB47 = {
						CreatedOnToolsVersion = 12.3;
						TestTargetID = 5718113A26A5EC5E0043FB47;
					};
					5718115626A5EC760043FB47 = {
						CreatedOnToolsVersion = 12.3;
						TestTargetID = 5718113A26A5EC5E0043FB47;
					};
				};
			};
			buildConfigurationList = 5718113626A5EC5E0043FB47 /* Build configuration list for PBXProject "LUXPM" */;
			compatibilityVersion = "Xcode 9.3";
			developmentRegion = en;
			hasScannedForEncodings = 0;
			knownRegions = (
				en,
				Base,
			);
			mainGroup = 5718113226A5EC5E0043FB47;
			productRefGroup = 5718113C26A5EC5E0043FB47 /* Products */;
			projectDirPath = "";
			projectRoot = "";
			targets = (
				5718113A26A5EC5E0043FB47 /* LUXPM */,
				5718114B26A5EC760043FB47 /* LUXPMTests */,
				5718115626A5EC760043FB47 /* LUXPMUITests */,
			);
		};
/* End PBXProject section */

/* Begin PBXResourcesBuildPhase section */
		5718113926A5EC5E0043FB47 /* Resources */ = {
			isa = PBXResourcesBuildPhase;
			buildActionMask = 2147483647;
			files = (
				5718114626A5EC740043FB47 /* Preview Assets.xcassets in Resources */,
				5718114326A5EC740043FB47 /* Assets.xcassets in Resources */,
			);
			runOnlyForDeploymentPostprocessing = 0;
		};
		5718114A26A5EC760043FB47 /* Resources */ = {
			isa = PBXResourcesBuildPhase;
			buildActionMask = 2147483647;
			files = (
			);
			runOnlyForDeploymentPostprocessing = 0;
		};
		5718115526A5EC760043FB47 /* Resources */ = {
			isa = PBXResourcesBuildPhase;
			buildActionMask = 2147483647;
			files = (
			);
			runOnlyForDeploymentPostprocessing = 0;
		};
/* End PBXResourcesBuildPhase section */

/* Begin PBXSourcesBuildPhase section */
		5718113726A5EC5E0043FB47 /* Sources */ = {
			isa = PBXSourcesBuildPhase;
			buildActionMask = 2147483647;
			files = (
				5718116D26A604AC0043FB47 /* Login.swift in Sources */,
				576BC56E26A6CCD6007854CF /* RegisterViewModel.swift in Sources */,
				5718114126A5EC5E0043FB47 /* ContentView.swift in Sources */,
				5718117226A604BF0043FB47 /* Register.swift in Sources */,
				576BC56926A6803D007854CF /* LoginViewModel.swift in Sources */,
				5718113F26A5EC5E0043FB47 /* LUXPMApp.swift in Sources */,
			);
			runOnlyForDeploymentPostprocessing = 0;
		};
		5718114826A5EC760043FB47 /* Sources */ = {
			isa = PBXSourcesBuildPhase;
			buildActionMask = 2147483647;
			files = (
				576BC57C26A7185D007854CF /* LoginViewModelTest.swift in Sources */,
				5718115126A5EC760043FB47 /* LUXPMTests.swift in Sources */,
			);
			runOnlyForDeploymentPostprocessing = 0;
		};
		5718115326A5EC760043FB47 /* Sources */ = {
			isa = PBXSourcesBuildPhase;
			buildActionMask = 2147483647;
			files = (
				5718115C26A5EC760043FB47 /* LUXPMUITests.swift in Sources */,
			);
			runOnlyForDeploymentPostprocessing = 0;
		};
/* End PBXSourcesBuildPhase section */

/* Begin PBXTargetDependency section */
		5718114E26A5EC760043FB47 /* PBXTargetDependency */ = {
			isa = PBXTargetDependency;
			target = 5718113A26A5EC5E0043FB47 /* LUXPM */;
			targetProxy = 5718114D26A5EC760043FB47 /* PBXContainerItemProxy */;
		};
		5718115926A5EC760043FB47 /* PBXTargetDependency */ = {
			isa = PBXTargetDependency;
			target = 5718113A26A5EC5E0043FB47 /* LUXPM */;
			targetProxy = 5718115826A5EC760043FB47 /* PBXContainerItemProxy */;
		};
/* End PBXTargetDependency section */

/* Begin XCBuildConfiguration section */
		5718115E26A5EC760043FB47 /* Debug */ = {
			isa = XCBuildConfiguration;
			buildSettings = {
				ALWAYS_SEARCH_USER_PATHS = NO;
				CLANG_ANALYZER_NONNULL = YES;
				CLANG_ANALYZER_NUMBER_OBJECT_CONVERSION = YES_AGGRESSIVE;
				CLANG_CXX_LANGUAGE_STANDARD = "gnu++14";
				CLANG_CXX_LIBRARY = "libc++";
				CLANG_ENABLE_MODULES = YES;
				CLANG_ENABLE_OBJC_ARC = YES;
				CLANG_ENABLE_OBJC_WEAK = YES;
				CLANG_WARN_BLOCK_CAPTURE_AUTORELEASING = YES;
				CLANG_WARN_BOOL_CONVERSION = YES;
				CLANG_WARN_COMMA = YES;
				CLANG_WARN_CONSTANT_CONVERSION = YES;
				CLANG_WARN_DEPRECATED_OBJC_IMPLEMENTATIONS = YES;
				CLANG_WARN_DIRECT_OBJC_ISA_USAGE = YES_ERROR;
				CLANG_WARN_DOCUMENTATION_COMMENTS = YES;
				CLANG_WARN_EMPTY_BODY = YES;
				CLANG_WARN_ENUM_CONVERSION = YES;
				CLANG_WARN_INFINITE_RECURSION = YES;
				CLANG_WARN_INT_CONVERSION = YES;
				CLANG_WARN_NON_LITERAL_NULL_CONVERSION = YES;
				CLANG_WARN_OBJC_IMPLICIT_RETAIN_SELF = YES;
				CLANG_WARN_OBJC_LITERAL_CONVERSION = YES;
				CLANG_WARN_OBJC_ROOT_CLASS = YES_ERROR;
				CLANG_WARN_QUOTED_INCLUDE_IN_FRAMEWORK_HEADER = YES;
				CLANG_WARN_RANGE_LOOP_ANALYSIS = YES;
				CLANG_WARN_STRICT_PROTOTYPES = YES;
				CLANG_WARN_SUSPICIOUS_MOVE = YES;
				CLANG_WARN_UNGUARDED_AVAILABILITY = YES_AGGRESSIVE;
				CLANG_WARN_UNREACHABLE_CODE = YES;
				CLANG_WARN__DUPLICATE_METHOD_MATCH = YES;
				COPY_PHASE_STRIP = NO;
				DEBUG_INFORMATION_FORMAT = dwarf;
				ENABLE_STRICT_OBJC_MSGSEND = YES;
				ENABLE_TESTABILITY = YES;
				GCC_C_LANGUAGE_STANDARD = gnu11;
				GCC_DYNAMIC_NO_PIC = NO;
				GCC_NO_COMMON_BLOCKS = YES;
				GCC_OPTIMIZATION_LEVEL = 0;
				GCC_PREPROCESSOR_DEFINITIONS = (
					"DEBUG=1",
					"$(inherited)",
				);
				GCC_WARN_64_TO_32_BIT_CONVERSION = YES;
				GCC_WARN_ABOUT_RETURN_TYPE = YES_ERROR;
				GCC_WARN_UNDECLARED_SELECTOR = YES;
				GCC_WARN_UNINITIALIZED_AUTOS = YES_AGGRESSIVE;
				GCC_WARN_UNUSED_FUNCTION = YES;
				GCC_WARN_UNUSED_VARIABLE = YES;
				IPHONEOS_DEPLOYMENT_TARGET = 14.3;
				MTL_ENABLE_DEBUG_INFO = INCLUDE_SOURCE;
				MTL_FAST_MATH = YES;
				ONLY_ACTIVE_ARCH = YES;
				SDKROOT = iphoneos;
				SWIFT_ACTIVE_COMPILATION_CONDITIONS = DEBUG;
				SWIFT_OPTIMIZATION_LEVEL = "-Onone";
			};
			name = Debug;
		};
		5718115F26A5EC760043FB47 /* Release */ = {
			isa = XCBuildConfiguration;
			buildSettings = {
				ALWAYS_SEARCH_USER_PATHS = NO;
				CLANG_ANALYZER_NONNULL = YES;
				CLANG_ANALYZER_NUMBER_OBJECT_CONVERSION = YES_AGGRESSIVE;
				CLANG_CXX_LANGUAGE_STANDARD = "gnu++14";
				CLANG_CXX_LIBRARY = "libc++";
				CLANG_ENABLE_MODULES = YES;
				CLANG_ENABLE_OBJC_ARC = YES;
				CLANG_ENABLE_OBJC_WEAK = YES;
				CLANG_WARN_BLOCK_CAPTURE_AUTORELEASING = YES;
				CLANG_WARN_BOOL_CONVERSION = YES;
				CLANG_WARN_COMMA = YES;
				CLANG_WARN_CONSTANT_CONVERSION = YES;
				CLANG_WARN_DEPRECATED_OBJC_IMPLEMENTATIONS = YES;
				CLANG_WARN_DIRECT_OBJC_ISA_USAGE = YES_ERROR;
				CLANG_WARN_DOCUMENTATION_COMMENTS = YES;
				CLANG_WARN_EMPTY_BODY = YES;
				CLANG_WARN_ENUM_CONVERSION = YES;
				CLANG_WARN_INFINITE_RECURSION = YES;
				CLANG_WARN_INT_CONVERSION = YES;
				CLANG_WARN_NON_LITERAL_NULL_CONVERSION = YES;
				CLANG_WARN_OBJC_IMPLICIT_RETAIN_SELF = YES;
				CLANG_WARN_OBJC_LITERAL_CONVERSION = YES;
				CLANG_WARN_OBJC_ROOT_CLASS = YES_ERROR;
				CLANG_WARN_QUOTED_INCLUDE_IN_FRAMEWORK_HEADER = YES;
				CLANG_WARN_RANGE_LOOP_ANALYSIS = YES;
				CLANG_WARN_STRICT_PROTOTYPES = YES;
				CLANG_WARN_SUSPICIOUS_MOVE = YES;
				CLANG_WARN_UNGUARDED_AVAILABILITY = YES_AGGRESSIVE;
				CLANG_WARN_UNREACHABLE_CODE = YES;
				CLANG_WARN__DUPLICATE_METHOD_MATCH = YES;
				COPY_PHASE_STRIP = NO;
				DEBUG_INFORMATION_FORMAT = "dwarf-with-dsym";
				ENABLE_NS_ASSERTIONS = NO;
				ENABLE_STRICT_OBJC_MSGSEND = YES;
				GCC_C_LANGUAGE_STANDARD = gnu11;
				GCC_NO_COMMON_BLOCKS = YES;
				GCC_WARN_64_TO_32_BIT_CONVERSION = YES;
				GCC_WARN_ABOUT_RETURN_TYPE = YES_ERROR;
				GCC_WARN_UNDECLARED_SELECTOR = YES;
				GCC_WARN_UNINITIALIZED_AUTOS = YES_AGGRESSIVE;
				GCC_WARN_UNUSED_FUNCTION = YES;
				GCC_WARN_UNUSED_VARIABLE = YES;
				IPHONEOS_DEPLOYMENT_TARGET = 14.3;
				MTL_ENABLE_DEBUG_INFO = NO;
				MTL_FAST_MATH = YES;
				SDKROOT = iphoneos;
				SWIFT_COMPILATION_MODE = wholemodule;
				SWIFT_OPTIMIZATION_LEVEL = "-O";
				VALIDATE_PRODUCT = YES;
			};
			name = Release;
		};
		5718116126A5EC760043FB47 /* Debug */ = {
			isa = XCBuildConfiguration;
			buildSettings = {
				ASSETCATALOG_COMPILER_APPICON_NAME = AppIcon;
				ASSETCATALOG_COMPILER_GLOBAL_ACCENT_COLOR_NAME = AccentColor;
				CODE_SIGN_STYLE = Automatic;
				DEVELOPMENT_ASSET_PATHS = "\"LUXPM/Preview Content\"";
				ENABLE_PREVIEWS = YES;
				INFOPLIST_FILE = LUXPM/Info.plist;
				IPHONEOS_DEPLOYMENT_TARGET = 14.0;
				LD_RUNPATH_SEARCH_PATHS = (
					"$(inherited)",
					"@executable_path/Frameworks",
				);
				PRODUCT_BUNDLE_IDENTIFIER = com.testing.com.LUXPM;
				PRODUCT_NAME = "$(TARGET_NAME)";
				SWIFT_VERSION = 5.0;
				TARGETED_DEVICE_FAMILY = "1,2";
			};
			name = Debug;
		};
		5718116226A5EC760043FB47 /* Release */ = {
			isa = XCBuildConfiguration;
			buildSettings = {
				ASSETCATALOG_COMPILER_APPICON_NAME = AppIcon;
				ASSETCATALOG_COMPILER_GLOBAL_ACCENT_COLOR_NAME = AccentColor;
				CODE_SIGN_STYLE = Automatic;
				DEVELOPMENT_ASSET_PATHS = "\"LUXPM/Preview Content\"";
				ENABLE_PREVIEWS = YES;
				INFOPLIST_FILE = LUXPM/Info.plist;
				IPHONEOS_DEPLOYMENT_TARGET = 14.0;
				LD_RUNPATH_SEARCH_PATHS = (
					"$(inherited)",
					"@executable_path/Frameworks",
				);
				PRODUCT_BUNDLE_IDENTIFIER = com.testing.com.LUXPM;
				PRODUCT_NAME = "$(TARGET_NAME)";
				SWIFT_VERSION = 5.0;
				TARGETED_DEVICE_FAMILY = "1,2";
			};
			name = Release;
		};
		5718116426A5EC760043FB47 /* Debug */ = {
			isa = XCBuildConfiguration;
			buildSettings = {
				ALWAYS_EMBED_SWIFT_STANDARD_LIBRARIES = YES;
				BUNDLE_LOADER = "$(TEST_HOST)";
				CODE_SIGN_STYLE = Automatic;
				INFOPLIST_FILE = LUXPMTests/Info.plist;
				IPHONEOS_DEPLOYMENT_TARGET = 14.0;
				LD_RUNPATH_SEARCH_PATHS = (
					"$(inherited)",
					"@executable_path/Frameworks",
					"@loader_path/Frameworks",
				);
				PRODUCT_BUNDLE_IDENTIFIER = com.testing.com.LUXPMTests;
				PRODUCT_NAME = "$(TARGET_NAME)";
				SWIFT_VERSION = 5.0;
				TARGETED_DEVICE_FAMILY = "1,2";
				TEST_HOST = "$(BUILT_PRODUCTS_DIR)/LUXPM.app/LUXPM";
			};
			name = Debug;
		};
		5718116526A5EC760043FB47 /* Release */ = {
			isa = XCBuildConfiguration;
			buildSettings = {
				ALWAYS_EMBED_SWIFT_STANDARD_LIBRARIES = YES;
				BUNDLE_LOADER = "$(TEST_HOST)";
				CODE_SIGN_STYLE = Automatic;
				INFOPLIST_FILE = LUXPMTests/Info.plist;
				IPHONEOS_DEPLOYMENT_TARGET = 14.0;
				LD_RUNPATH_SEARCH_PATHS = (
					"$(inherited)",
					"@executable_path/Frameworks",
					"@loader_path/Frameworks",
				);
				PRODUCT_BUNDLE_IDENTIFIER = com.testing.com.LUXPMTests;
				PRODUCT_NAME = "$(TARGET_NAME)";
				SWIFT_VERSION = 5.0;
				TARGETED_DEVICE_FAMILY = "1,2";
				TEST_HOST = "$(BUILT_PRODUCTS_DIR)/LUXPM.app/LUXPM";
			};
			name = Release;
		};
		5718116726A5EC760043FB47 /* Debug */ = {
			isa = XCBuildConfiguration;
			buildSettings = {
				ALWAYS_EMBED_SWIFT_STANDARD_LIBRARIES = YES;
				CODE_SIGN_STYLE = Automatic;
				INFOPLIST_FILE = LUXPMUITests/Info.plist;
				LD_RUNPATH_SEARCH_PATHS = (
					"$(inherited)",
					"@executable_path/Frameworks",
					"@loader_path/Frameworks",
				);
				PRODUCT_BUNDLE_IDENTIFIER = com.testing.com.LUXPMUITests;
				PRODUCT_NAME = "$(TARGET_NAME)";
				SWIFT_VERSION = 5.0;
				TARGETED_DEVICE_FAMILY = "1,2";
				TEST_TARGET_NAME = LUXPM;
			};
			name = Debug;
		};
		5718116826A5EC760043FB47 /* Release */ = {
			isa = XCBuildConfiguration;
			buildSettings = {
				ALWAYS_EMBED_SWIFT_STANDARD_LIBRARIES = YES;
				CODE_SIGN_STYLE = Automatic;
				INFOPLIST_FILE = LUXPMUITests/Info.plist;
				LD_RUNPATH_SEARCH_PATHS = (
					"$(inherited)",
					"@executable_path/Frameworks",
					"@loader_path/Frameworks",
				);
				PRODUCT_BUNDLE_IDENTIFIER = com.testing.com.LUXPMUITests;
				PRODUCT_NAME = "$(TARGET_NAME)";
				SWIFT_VERSION = 5.0;
				TARGETED_DEVICE_FAMILY = "1,2";
				TEST_TARGET_NAME = LUXPM;
			};
			name = Release;
		};
/* End XCBuildConfiguration section */

/* Begin XCConfigurationList section */
		5718113626A5EC5E0043FB47 /* Build configuration list for PBXProject "LUXPM" */ = {
			isa = XCConfigurationList;
			buildConfigurations = (
				5718115E26A5EC760043FB47 /* Debug */,
				5718115F26A5EC760043FB47 /* Release */,
			);
			defaultConfigurationIsVisible = 0;
			defaultConfigurationName = Release;
		};
		5718116026A5EC760043FB47 /* Build configuration list for PBXNativeTarget "LUXPM" */ = {
			isa = XCConfigurationList;
			buildConfigurations = (
				5718116126A5EC760043FB47 /* Debug */,
				5718116226A5EC760043FB47 /* Release */,
			);
			defaultConfigurationIsVisible = 0;
			defaultConfigurationName = Release;
		};
		5718116326A5EC760043FB47 /* Build configuration list for PBXNativeTarget "LUXPMTests" */ = {
			isa = XCConfigurationList;
			buildConfigurations = (
				5718116426A5EC760043FB47 /* Debug */,
				5718116526A5EC760043FB47 /* Release */,
			);
			defaultConfigurationIsVisible = 0;
			defaultConfigurationName = Release;
		};
		5718116626A5EC760043FB47 /* Build configuration list for PBXNativeTarget "LUXPMUITests" */ = {
			isa = XCConfigurationList;
			buildConfigurations = (
				5718116726A5EC760043FB47 /* Debug */,
				5718116826A5EC760043FB47 /* Release */,
			);
			defaultConfigurationIsVisible = 0;
			defaultConfigurationName = Release;
		};
/* End XCConfigurationList section */
	};
	rootObject = 5718113326A5EC5E0043FB47 /* Project object */;
}
